
Microsoft Visual Studio Solution File, Format Version 12.00
# Visual Studio Version 16
VisualStudioVersion = 16.0.31729.503
MinimumVisualStudioVersion = 10.0.40219.1
Project("{9A19103F-16F7-4668-BE54-9A1E7A4F7556}") = "M F", "Mike's\M F.csproj", "{C66DBE14-4CF4-4C7B-BEDC-7B71D4576169}"
EndProject
Global
	GlobalSection(SolutionConfigurationPlatforms) = preSolution
		Debug|Any CPU = Debug|Any CPU
		Release|Any CPU = Release|Any CPU
	EndGlobalSection
	GlobalSection(ProjectConfigurationPlatforms) = postSolution
		{C66DBE14-4CF4-4C7B-BEDC-7B71D4576169}.Debug|Any CPU.ActiveCfg = Debug|Any CPU
		{C66DBE14-4CF4-4C7B-BEDC-7B71D4576169}.Debug|Any CPU.Build.0 = Debug|Any CPU
		{C66DBE14-4CF4-4C7B-BEDC-7B71D4576169}.Release|Any CPU.ActiveCfg = Release|Any CPU
		{C66DBE14-4CF4-4C7B-BEDC-7B71D4576169}.Release|Any CPU.Build.0 = Release|Any CPU
	EndGlobalSection
	GlobalSection(SolutionProperties) = preSolution
		HideSolutionNode = FALSE
	EndGlobalSection
	GlobalSection(ExtensibilityGlobals) = postSolution
		SolutionGuid = {B96C8205-E617-4263-999A-530F8C1254EF}
	EndGlobalSection
EndGlobal
